
Microsoft Visual Studio Solution File, Format Version 12.00
# Visual Studio Version 16
VisualStudioVersion = 16.0.29411.108
MinimumVisualStudioVersion = 10.0.40219.1
Project("{FAE04EC0-301F-11D3-BF4B-00C04F79EFBC}") = "SafeConvert.NetCore", "SafeConvert.NetCore\SafeConvert.NetCore.csproj", "{AEAF3EB7-485D-48AC-A069-95F9949E2BDF}"
EndProject
Project("{FAE04EC0-301F-11D3-BF4B-00C04F79EFBC}") = "SafeConvert.NetCore.Test", "SafeConvert.NetCore.Test\SafeConvert.NetCore.Test.csproj", "{74E2B264-CEB6-4B6B-A592-0CAF64C0F147}"
EndProject
Global
	GlobalSection(SolutionConfigurationPlatforms) = preSolution
		Debug|Any CPU = Debug|Any CPU
		Release|Any CPU = Release|Any CPU
	EndGlobalSection
	GlobalSection(ProjectConfigurationPlatforms) = postSolution
		{AEAF3EB7-485D-48AC-A069-95F9949E2BDF}.Debug|Any CPU.ActiveCfg = Debug|Any CPU
		{AEAF3EB7-485D-48AC-A069-95F9949E2BDF}.Debug|Any CPU.Build.0 = Debug|Any CPU
		{AEAF3EB7-485D-48AC-A069-95F9949E2BDF}.Release|Any CPU.ActiveCfg = Release|Any CPU
		{AEAF3EB7-485D-48AC-A069-95F9949E2BDF}.Release|Any CPU.Build.0 = Release|Any CPU
		{74E2B264-CEB6-4B6B-A592-0CAF64C0F147}.Debug|Any CPU.ActiveCfg = Debug|Any CPU
		{74E2B264-CEB6-4B6B-A592-0CAF64C0F147}.Debug|Any CPU.Build.0 = Debug|Any CPU
		{74E2B264-CEB6-4B6B-A592-0CAF64C0F147}.Release|Any CPU.ActiveCfg = Release|Any CPU
		{74E2B264-CEB6-4B6B-A592-0CAF64C0F147}.Release|Any CPU.Build.0 = Release|Any CPU
	EndGlobalSection
	GlobalSection(SolutionProperties) = preSolution
		HideSolutionNode = FALSE
	EndGlobalSection
	GlobalSection(ExtensibilityGlobals) = postSolution
		SolutionGuid = {56804344-6C7A-4DF0-9462-AB69DC7BE075}
	EndGlobalSection
EndGlobal
